
Microsoft Visual Studio Solution File, Format Version 12.00
# Visual Studio Version 17
VisualStudioVersion = 17.8.34525.116
MinimumVisualStudioVersion = 10.0.40219.1
Project("{9A19103F-16F7-4668-BE54-9A1E7A4F7556}") = "FlightRecorder", "FlightRecorder.csproj", "{AC689816-0CBE-4CDE-BDEE-F874DB888583}"
EndProject
Project("{9A19103F-16F7-4668-BE54-9A1E7A4F7556}") = "FlightRecorderTestsProject", "FlightRecorderTestsProject\FlightRecorderTestsProject.csproj", "{42034660-60C1-4D16-9E50-CBDB33FC819E}"
EndProject
Project("{54435603-DBB4-11D2-8724-00A0C9A8B90C}") = "Installer", "Installer\Installer.vdproj", "{40094D1A-27FC-436E-B384-C7093A5DBAB5}"
EndProject
Global
	GlobalSection(SolutionConfigurationPlatforms) = preSolution
		Debug|Any CPU = Debug|Any CPU
		Release|Any CPU = Release|Any CPU
	EndGlobalSection
	GlobalSection(ProjectConfigurationPlatforms) = postSolution
		{AC689816-0CBE-4CDE-BDEE-F874DB888583}.Debug|Any CPU.ActiveCfg = Debug|Any CPU
		{AC689816-0CBE-4CDE-BDEE-F874DB888583}.Debug|Any CPU.Build.0 = Debug|Any CPU
		{AC689816-0CBE-4CDE-BDEE-F874DB888583}.Release|Any CPU.ActiveCfg = Release|Any CPU
		{AC689816-0CBE-4CDE-BDEE-F874DB888583}.Release|Any CPU.Build.0 = Release|Any CPU
		{42034660-60C1-4D16-9E50-CBDB33FC819E}.Debug|Any CPU.ActiveCfg = Debug|Any CPU
		{42034660-60C1-4D16-9E50-CBDB33FC819E}.Debug|Any CPU.Build.0 = Debug|Any CPU
		{42034660-60C1-4D16-9E50-CBDB33FC819E}.Release|Any CPU.ActiveCfg = Release|Any CPU
		{42034660-60C1-4D16-9E50-CBDB33FC819E}.Release|Any CPU.Build.0 = Release|Any CPU
		{40094D1A-27FC-436E-B384-C7093A5DBAB5}.Debug|Any CPU.ActiveCfg = Debug
		{40094D1A-27FC-436E-B384-C7093A5DBAB5}.Release|Any CPU.ActiveCfg = Release
	EndGlobalSection
	GlobalSection(SolutionProperties) = preSolution
		HideSolutionNode = FALSE
	EndGlobalSection
	GlobalSection(ExtensibilityGlobals) = postSolution
		SolutionGuid = {A46B159A-D606-4AAF-8811-2D8E08CA4C6D}
	EndGlobalSection
EndGlobal
